
Microsoft Visual Studio Solution File, Format Version 12.00
# Visual Studio 15
VisualStudioVersion = 15.0.27428.2015
MinimumVisualStudioVersion = 10.0.40219.1
Project("{FAE04EC0-301F-11D3-BF4B-00C04F79EFBC}") = "DarkSoulsMemory", "CapitaineToinon.DarkSoulsMemory\DarkSoulsMemory.csproj", "{5DB2B8D5-6B2F-4615-950E-45596F8ADF61}"
	ProjectSection(ProjectDependencies) = postProject
		{F712B647-05A2-4A9A-8DA8-D88ABF5BF40F} = {F712B647-05A2-4A9A-8DA8-D88ABF5BF40F}
	EndProjectSection
EndProject
Project("{FAE04EC0-301F-11D3-BF4B-00C04F79EFBC}") = "CapitaineToinon.AssemblyGenerator", "CapitaineToinon.AssemblyGenerator\CapitaineToinon.AssemblyGenerator.csproj", "{F712B647-05A2-4A9A-8DA8-D88ABF5BF40F}"
EndProject
Project("{FAE04EC0-301F-11D3-BF4B-00C04F79EFBC}") = "LiveSplit.DarkSouls100Tracker", "Livesplit.DarkSoulsTracker\LiveSplit.DarkSouls100Tracker.csproj", "{B709C220-558D-4040-986F-9C383B06CFB5}"
	ProjectSection(ProjectDependencies) = postProject
		{5DB2B8D5-6B2F-4615-950E-45596F8ADF61} = {5DB2B8D5-6B2F-4615-950E-45596F8ADF61}
	EndProjectSection
EndProject
Global
	GlobalSection(SolutionConfigurationPlatforms) = preSolution
		Debug|Any CPU = Debug|Any CPU
		Release|Any CPU = Release|Any CPU
	EndGlobalSection
	GlobalSection(ProjectConfigurationPlatforms) = postSolution
		{5DB2B8D5-6B2F-4615-950E-45596F8ADF61}.Debug|Any CPU.ActiveCfg = Debug|Any CPU
		{5DB2B8D5-6B2F-4615-950E-45596F8ADF61}.Debug|Any CPU.Build.0 = Debug|Any CPU
		{5DB2B8D5-6B2F-4615-950E-45596F8ADF61}.Release|Any CPU.ActiveCfg = Release|Any CPU
		{5DB2B8D5-6B2F-4615-950E-45596F8ADF61}.Release|Any CPU.Build.0 = Release|Any CPU
		{F712B647-05A2-4A9A-8DA8-D88ABF5BF40F}.Debug|Any CPU.ActiveCfg = Debug|Any CPU
		{F712B647-05A2-4A9A-8DA8-D88ABF5BF40F}.Debug|Any CPU.Build.0 = Debug|Any CPU
		{F712B647-05A2-4A9A-8DA8-D88ABF5BF40F}.Release|Any CPU.ActiveCfg = Release|Any CPU
		{F712B647-05A2-4A9A-8DA8-D88ABF5BF40F}.Release|Any CPU.Build.0 = Release|Any CPU
		{B709C220-558D-4040-986F-9C383B06CFB5}.Debug|Any CPU.ActiveCfg = Debug|Any CPU
		{B709C220-558D-4040-986F-9C383B06CFB5}.Debug|Any CPU.Build.0 = Debug|Any CPU
		{B709C220-558D-4040-986F-9C383B06CFB5}.Release|Any CPU.ActiveCfg = Release|Any CPU
		{B709C220-558D-4040-986F-9C383B06CFB5}.Release|Any CPU.Build.0 = Release|Any CPU
	EndGlobalSection
	GlobalSection(SolutionProperties) = preSolution
		HideSolutionNode = FALSE
	EndGlobalSection
	GlobalSection(ExtensibilityGlobals) = postSolution
		SolutionGuid = {85E8B6F2-319E-4639-BE93-12F5020F2EDF}
	EndGlobalSection
EndGlobal
