
Microsoft Visual Studio Solution File, Format Version 12.00
# Visual Studio 15
VisualStudioVersion = 15.0.27004.2006
MinimumVisualStudioVersion = 10.0.40219.1
Project("{FAE04EC0-301F-11D3-BF4B-00C04F79EFBC}") = "Livesplit.DarkSouls100PercentTracker", "Livesplit.DarkSoulsTracker\Livesplit.DarkSouls100PercentTracker.csproj", "{FA15F8BB-5B75-42A1-98E6-A8471C8A101E}"
EndProject
Global
	GlobalSection(SolutionConfigurationPlatforms) = preSolution
		Debug|Any CPU = Debug|Any CPU
		Release|Any CPU = Release|Any CPU
	EndGlobalSection
	GlobalSection(ProjectConfigurationPlatforms) = postSolution
		{FA15F8BB-5B75-42A1-98E6-A8471C8A101E}.Debug|Any CPU.ActiveCfg = Debug|Any CPU
		{FA15F8BB-5B75-42A1-98E6-A8471C8A101E}.Debug|Any CPU.Build.0 = Debug|Any CPU
		{FA15F8BB-5B75-42A1-98E6-A8471C8A101E}.Release|Any CPU.ActiveCfg = Release|Any CPU
		{FA15F8BB-5B75-42A1-98E6-A8471C8A101E}.Release|Any CPU.Build.0 = Release|Any CPU
	EndGlobalSection
	GlobalSection(SolutionProperties) = preSolution
		HideSolutionNode = FALSE
	EndGlobalSection
	GlobalSection(ExtensibilityGlobals) = postSolution
		SolutionGuid = {12DBEA5F-D529-4A80-8130-89858E0AC39A}
	EndGlobalSection
EndGlobal
