
Microsoft Visual Studio Solution File, Format Version 12.00
# Visual Studio 15
VisualStudioVersion = 15.0.27428.2005
MinimumVisualStudioVersion = 10.0.40219.1
Project("{FAE04EC0-301F-11D3-BF4B-00C04F79EFBC}") = "CapitaineToinon.AssemblyGenerator", "CapitaineToinon.AssemblyGenerator.csproj", "{F712B647-05A2-4A9A-8DA8-D88ABF5BF40F}"
EndProject
Global
	GlobalSection(SolutionConfigurationPlatforms) = preSolution
		Debug|Any CPU = Debug|Any CPU
		Release|Any CPU = Release|Any CPU
	EndGlobalSection
	GlobalSection(ProjectConfigurationPlatforms) = postSolution
		{F712B647-05A2-4A9A-8DA8-D88ABF5BF40F}.Debug|Any CPU.ActiveCfg = Debug|Any CPU
		{F712B647-05A2-4A9A-8DA8-D88ABF5BF40F}.Debug|Any CPU.Build.0 = Debug|Any CPU
		{F712B647-05A2-4A9A-8DA8-D88ABF5BF40F}.Release|Any CPU.ActiveCfg = Release|Any CPU
		{F712B647-05A2-4A9A-8DA8-D88ABF5BF40F}.Release|Any CPU.Build.0 = Release|Any CPU
	EndGlobalSection
	GlobalSection(SolutionProperties) = preSolution
		HideSolutionNode = FALSE
	EndGlobalSection
	GlobalSection(ExtensibilityGlobals) = postSolution
		SolutionGuid = {22ACC36E-D2B0-4FDD-90EA-37692D690E34}
	EndGlobalSection
EndGlobal
